
Microsoft Visual Studio Solution File, Format Version 12.00
# Visual Studio Version 16
VisualStudioVersion = 16.0.30404.54
MinimumVisualStudioVersion = 10.0.40219.1
Project("{888888A0-9F3D-457C-B088-3A5042F75D52}") = "nhentai_python", "nhentai_python\nhentai_python.pyproj", "{4D7BFE28-640E-4858-8EEF-F7F7F287508A}"
EndProject
Global
	GlobalSection(SolutionConfigurationPlatforms) = preSolution
		Debug|Any CPU = Debug|Any CPU
		Release|Any CPU = Release|Any CPU
	EndGlobalSection
	GlobalSection(ProjectConfigurationPlatforms) = postSolution
		{4D7BFE28-640E-4858-8EEF-F7F7F287508A}.Debug|Any CPU.ActiveCfg = Debug|Any CPU
		{4D7BFE28-640E-4858-8EEF-F7F7F287508A}.Release|Any CPU.ActiveCfg = Release|Any CPU
	EndGlobalSection
	GlobalSection(SolutionProperties) = preSolution
		HideSolutionNode = FALSE
	EndGlobalSection
	GlobalSection(ExtensibilityGlobals) = postSolution
		SolutionGuid = {D9008DF0-4D4D-4A37-AFAD-4A9180F97A76}
	EndGlobalSection
EndGlobal
